
Microsoft Visual Studio Solution File, Format Version 12.00
# Visual Studio Version 17
VisualStudioVersion = 17.14.36401.2 d17.14
MinimumVisualStudioVersion = 10.0.40219.1
Project("{FAE04EC0-301F-11D3-BF4B-00C04F79EFBC}") = "MyTeam2", "MyTeam2\MyTeam2.csproj", "{A868CA97-8769-444F-9106-09FC1ABA1ED7}"
EndProject
Global
	GlobalSection(SolutionConfigurationPlatforms) = preSolution
		Debug|Any CPU = Debug|Any CPU
		Release|Any CPU = Release|Any CPU
	EndGlobalSection
	GlobalSection(ProjectConfigurationPlatforms) = postSolution
		{A868CA97-8769-444F-9106-09FC1ABA1ED7}.Debug|Any CPU.ActiveCfg = Debug|Any CPU
		{A868CA97-8769-444F-9106-09FC1ABA1ED7}.Debug|Any CPU.Build.0 = Debug|Any CPU
		{A868CA97-8769-444F-9106-09FC1ABA1ED7}.Release|Any CPU.ActiveCfg = Release|Any CPU
		{A868CA97-8769-444F-9106-09FC1ABA1ED7}.Release|Any CPU.Build.0 = Release|Any CPU
	EndGlobalSection
	GlobalSection(SolutionProperties) = preSolution
		HideSolutionNode = FALSE
	EndGlobalSection
	GlobalSection(ExtensibilityGlobals) = postSolution
		SolutionGuid = {1C397434-8A3B-4801-92CD-0EDF5844C638}
	EndGlobalSection
EndGlobal
